
Microsoft Visual Studio Solution File, Format Version 12.00
# Visual Studio Version 17
VisualStudioVersion = 17.13.35913.81 d17.13
MinimumVisualStudioVersion = 10.0.40219.1
Project("{FAE04EC0-301F-11D3-BF4B-00C04F79EFBC}") = "Práctica 3.5", "Práctica 3.5.csproj", "{3C45EAC6-CD85-4500-AE74-2DCECD3A5083}"
EndProject
Global
	GlobalSection(SolutionConfigurationPlatforms) = preSolution
		Debug|Any CPU = Debug|Any CPU
		Release|Any CPU = Release|Any CPU
	EndGlobalSection
	GlobalSection(ProjectConfigurationPlatforms) = postSolution
		{3C45EAC6-CD85-4500-AE74-2DCECD3A5083}.Debug|Any CPU.ActiveCfg = Debug|Any CPU
		{3C45EAC6-CD85-4500-AE74-2DCECD3A5083}.Debug|Any CPU.Build.0 = Debug|Any CPU
		{3C45EAC6-CD85-4500-AE74-2DCECD3A5083}.Release|Any CPU.ActiveCfg = Release|Any CPU
		{3C45EAC6-CD85-4500-AE74-2DCECD3A5083}.Release|Any CPU.Build.0 = Release|Any CPU
	EndGlobalSection
	GlobalSection(SolutionProperties) = preSolution
		HideSolutionNode = FALSE
	EndGlobalSection
	GlobalSection(ExtensibilityGlobals) = postSolution
		SolutionGuid = {E38DBCB0-6D41-4E12-AD96-0E4346734972}
	EndGlobalSection
EndGlobal
