
Microsoft Visual Studio Solution File, Format Version 12.00
# Visual Studio Version 17
VisualStudioVersion = 17.13.35913.81 d17.13
MinimumVisualStudioVersion = 10.0.40219.1
Project("{FAE04EC0-301F-11D3-BF4B-00C04F79EFBC}") = "Prácticca 4", "Prácticca 4.csproj", "{2AE740F5-B95C-44D8-AAFD-78286C5B8EE3}"
EndProject
Global
	GlobalSection(SolutionConfigurationPlatforms) = preSolution
		Debug|Any CPU = Debug|Any CPU
		Release|Any CPU = Release|Any CPU
	EndGlobalSection
	GlobalSection(ProjectConfigurationPlatforms) = postSolution
		{2AE740F5-B95C-44D8-AAFD-78286C5B8EE3}.Debug|Any CPU.ActiveCfg = Debug|Any CPU
		{2AE740F5-B95C-44D8-AAFD-78286C5B8EE3}.Debug|Any CPU.Build.0 = Debug|Any CPU
		{2AE740F5-B95C-44D8-AAFD-78286C5B8EE3}.Release|Any CPU.ActiveCfg = Release|Any CPU
		{2AE740F5-B95C-44D8-AAFD-78286C5B8EE3}.Release|Any CPU.Build.0 = Release|Any CPU
	EndGlobalSection
	GlobalSection(SolutionProperties) = preSolution
		HideSolutionNode = FALSE
	EndGlobalSection
	GlobalSection(ExtensibilityGlobals) = postSolution
		SolutionGuid = {A92D6D0E-6408-4593-870A-DB616D6A095F}
	EndGlobalSection
EndGlobal
