
Microsoft Visual Studio Solution File, Format Version 12.00
# Visual Studio Version 17
VisualStudioVersion = 17.13.35913.81 d17.13
MinimumVisualStudioVersion = 10.0.40219.1
Project("{FAE04EC0-301F-11D3-BF4B-00C04F79EFBC}") = "Práctica 2.9", "Práctica 2.9.csproj", "{9E23D358-DEC2-4EA4-BC7E-55A6E16BC829}"
EndProject
Global
	GlobalSection(SolutionConfigurationPlatforms) = preSolution
		Debug|Any CPU = Debug|Any CPU
		Release|Any CPU = Release|Any CPU
	EndGlobalSection
	GlobalSection(ProjectConfigurationPlatforms) = postSolution
		{9E23D358-DEC2-4EA4-BC7E-55A6E16BC829}.Debug|Any CPU.ActiveCfg = Debug|Any CPU
		{9E23D358-DEC2-4EA4-BC7E-55A6E16BC829}.Debug|Any CPU.Build.0 = Debug|Any CPU
		{9E23D358-DEC2-4EA4-BC7E-55A6E16BC829}.Release|Any CPU.ActiveCfg = Release|Any CPU
		{9E23D358-DEC2-4EA4-BC7E-55A6E16BC829}.Release|Any CPU.Build.0 = Release|Any CPU
	EndGlobalSection
	GlobalSection(SolutionProperties) = preSolution
		HideSolutionNode = FALSE
	EndGlobalSection
	GlobalSection(ExtensibilityGlobals) = postSolution
		SolutionGuid = {BBB88508-93F7-4552-8130-BC39CD1920F2}
	EndGlobalSection
EndGlobal
