
Microsoft Visual Studio Solution File, Format Version 12.00
# Visual Studio Version 17
VisualStudioVersion = 17.13.35913.81 d17.13
MinimumVisualStudioVersion = 10.0.40219.1
Project("{FAE04EC0-301F-11D3-BF4B-00C04F79EFBC}") = "Prácica 2.7", "Prácica 2.7.csproj", "{B21468B9-5D20-4357-AD91-7A5479028419}"
EndProject
Global
	GlobalSection(SolutionConfigurationPlatforms) = preSolution
		Debug|Any CPU = Debug|Any CPU
		Release|Any CPU = Release|Any CPU
	EndGlobalSection
	GlobalSection(ProjectConfigurationPlatforms) = postSolution
		{B21468B9-5D20-4357-AD91-7A5479028419}.Debug|Any CPU.ActiveCfg = Debug|Any CPU
		{B21468B9-5D20-4357-AD91-7A5479028419}.Debug|Any CPU.Build.0 = Debug|Any CPU
		{B21468B9-5D20-4357-AD91-7A5479028419}.Release|Any CPU.ActiveCfg = Release|Any CPU
		{B21468B9-5D20-4357-AD91-7A5479028419}.Release|Any CPU.Build.0 = Release|Any CPU
	EndGlobalSection
	GlobalSection(SolutionProperties) = preSolution
		HideSolutionNode = FALSE
	EndGlobalSection
	GlobalSection(ExtensibilityGlobals) = postSolution
		SolutionGuid = {53581503-BD87-41FB-9A94-137A489EF91A}
	EndGlobalSection
EndGlobal
